# THIS IS AN AUTOGENERATED FILE. DO NOT EDIT THIS FILE DIRECTLY.
# yarn lockfile v1


"@paypal/paypal-js@^7.0.0":
  version "7.0.3"
  resolved "https://registry.yarnpkg.com/@paypal/paypal-js/-/paypal-js-7.0.3.tgz#16844270029d8562e4cb326df52b6f0277ee71c4"
  integrity sha512-Mpq0TGKzypi02Iw4p11eq5+dxVKcuJ+98UDrxLRbqZcr8pBRFPX+jqPFkVq6hzs3sHxwIuMPFCxnrckxxLSznw==
  dependencies:
    promise-polyfill "^8.3.0"

"@paypal/react-paypal-js@^8.1.3":
  version "8.1.3"
  resolved "https://registry.yarnpkg.com/@paypal/react-paypal-js/-/react-paypal-js-8.1.3.tgz#2a46bd864eee02efada370ca50fab5a5bf38f4ff"
  integrity sha512-hEm27iYP/UHS3XPBhDdiK2U4PH1FxrOD5O3f9tstAVLJd82l/laCjq751HiESSm63PVOoFeKE41Fe1mYGab+oA==
  dependencies:
    "@paypal/paypal-js" "^7.0.0"
    "@paypal/sdk-constants" "^1.0.122"

"@paypal/sdk-constants@^1.0.122":
  version "1.0.133"
  resolved "https://registry.yarnpkg.com/@paypal/sdk-constants/-/sdk-constants-1.0.133.tgz#ee65c0bb574554becc8a5d3d0a834a944bbeb0e7"
  integrity sha512-NWV0IWrHwQQrNLaUYxQ1GsytvHbDu+x63kRpNJfw1OQeDcUca4B0I4LoBktWQl5gICi090hD56n2Wg08dAl44g==
  dependencies:
    hi-base32 "^0.5.0"

hi-base32@^0.5.0:
  version "0.5.1"
  resolved "https://registry.yarnpkg.com/hi-base32/-/hi-base32-0.5.1.tgz#1279f2ddae2673219ea5870c2121d2a33132857e"
  integrity sha512-EmBBpvdYh/4XxsnUybsPag6VikPYnN30td+vQk+GI3qpahVEG9+gTkG0aXVxTjBqQ5T6ijbWIu77O+C5WFWsnA==

promise-polyfill@^8.3.0:
  version "8.3.0"
  resolved "https://registry.yarnpkg.com/promise-polyfill/-/promise-polyfill-8.3.0.tgz#9284810268138d103807b11f4e23d5e945a4db63"
  integrity sha512-H5oELycFml5yto/atYqmjyigJoAo3+OXwolYiH7OfQuYlAqhxNvTfiNMbV9hsC6Yp83yE5r2KTVmtrG6R9i6Pg==
